// !$*UTF8*$!
{
	archiveVersion = 1;
	classes = {
	};
	objectVersion = 55;
	objects = {

/* Begin PBXBuildFile section */
		F51418C427F81DAC002F06A1 /* AppDelegate.swift in Sources */ = {isa = PBXBuildFile; fileRef = F51418C327F81DAC002F06A1 /* AppDelegate.swift */; };
		F51418C627F81DAC002F06A1 /* SceneDelegate.swift in Sources */ = {isa = PBXBuildFile; fileRef = F51418C527F81DAC002F06A1 /* SceneDelegate.swift */; };
		F51418CB27F81DAC002F06A1 /* Main.storyboard in Resources */ = {isa = PBXBuildFile; fileRef = F51418C927F81DAC002F06A1 /* Main.storyboard */; };
		F51418CD27F81DAD002F06A1 /* Assets.xcassets in Resources */ = {isa = PBXBuildFile; fileRef = F51418CC27F81DAD002F06A1 /* Assets.xcassets */; };
		F51418D027F81DAD002F06A1 /* LaunchScreen.storyboard in Resources */ = {isa = PBXBuildFile; fileRef = F51418CE27F81DAD002F06A1 /* LaunchScreen.storyboard */; };
		F51418DA27F8203B002F06A1 /* Movie.swift in Sources */ = {isa = PBXBuildFile; fileRef = F51418D927F8203B002F06A1 /* Movie.swift */; };
		F51418DD27F82426002F06A1 /* MovieData.swift in Sources */ = {isa = PBXBuildFile; fileRef = F51418DC27F82426002F06A1 /* MovieData.swift */; };
		F51418DF27F826B1002F06A1 /* StarWarsAPI.swift in Sources */ = {isa = PBXBuildFile; fileRef = F51418DE27F826B1002F06A1 /* StarWarsAPI.swift */; };
		F51418E227F8279E002F06A1 /* Constant.swift in Sources */ = {isa = PBXBuildFile; fileRef = F51418E127F8279E002F06A1 /* Constant.swift */; };
		F51418E427F82AEA002F06A1 /* MovieListViewController.swift in Sources */ = {isa = PBXBuildFile; fileRef = F51418E327F82AEA002F06A1 /* MovieListViewController.swift */; };
/* End PBXBuildFile section */

/* Begin PBXFileReference section */
		F51418C027F81DAC002F06A1 /* StarWarsMovies.app */ = {isa = PBXFileReference; explicitFileType = wrapper.application; includeInIndex = 0; path = StarWarsMovies.app; sourceTree = BUILT_PRODUCTS_DIR; };
		F51418C327F81DAC002F06A1 /* AppDelegate.swift */ = {isa = PBXFileReference; lastKnownFileType = sourcecode.swift; path = AppDelegate.swift; sourceTree = "<group>"; };
		F51418C527F81DAC002F06A1 /* SceneDelegate.swift */ = {isa = PBXFileReference; lastKnownFileType = sourcecode.swift; path = SceneDelegate.swift; sourceTree = "<group>"; };
		F51418CA27F81DAC002F06A1 /* Base */ = {isa = PBXFileReference; lastKnownFileType = file.storyboard; name = Base; path = Base.lproj/Main.storyboard; sourceTree = "<group>"; };
		F51418CC27F81DAD002F06A1 /* Assets.xcassets */ = {isa = PBXFileReference; lastKnownFileType = folder.assetcatalog; path = Assets.xcassets; sourceTree = "<group>"; };
		F51418CF27F81DAD002F06A1 /* Base */ = {isa = PBXFileReference; lastKnownFileType = file.storyboard; name = Base; path = Base.lproj/LaunchScreen.storyboard; sourceTree = "<group>"; };
		F51418D127F81DAD002F06A1 /* Info.plist */ = {isa = PBXFileReference; lastKnownFileType = text.plist.xml; path = Info.plist; sourceTree = "<group>"; };
		F51418D927F8203B002F06A1 /* Movie.swift */ = {isa = PBXFileReference; lastKnownFileType = sourcecode.swift; path = Movie.swift; sourceTree = "<group>"; };
		F51418DC27F82426002F06A1 /* MovieData.swift */ = {isa = PBXFileReference; lastKnownFileType = sourcecode.swift; path = MovieData.swift; sourceTree = "<group>"; };
		F51418DE27F826B1002F06A1 /* StarWarsAPI.swift */ = {isa = PBXFileReference; lastKnownFileType = sourcecode.swift; path = StarWarsAPI.swift; sourceTree = "<group>"; };
		F51418E127F8279E002F06A1 /* Constant.swift */ = {isa = PBXFileReference; lastKnownFileType = sourcecode.swift; path = Constant.swift; sourceTree = "<group>"; };
		F51418E327F82AEA002F06A1 /* MovieListViewController.swift */ = {isa = PBXFileReference; lastKnownFileType = sourcecode.swift; path = MovieListViewController.swift; sourceTree = "<group>"; };
/* End PBXFileReference section */

/* Begin PBXFrameworksBuildPhase section */
		F51418BD27F81DAC002F06A1 /* Frameworks */ = {
			isa = PBXFrameworksBuildPhase;
			buildActionMask = 2147483647;
			files = (
			);
			runOnlyForDeploymentPostprocessing = 0;
		};
/* End PBXFrameworksBuildPhase section */

/* Begin PBXGroup section */
		F51418B727F81DAC002F06A1 = {
			isa = PBXGroup;
			children = (
				F51418C227F81DAC002F06A1 /* StarWarsMovies */,
				F51418C127F81DAC002F06A1 /* Products */,
			);
			sourceTree = "<group>";
		};
		F51418C127F81DAC002F06A1 /* Products */ = {
			isa = PBXGroup;
			children = (
				F51418C027F81DAC002F06A1 /* StarWarsMovies.app */,
			);
			name = Products;
			sourceTree = "<group>";
		};
		F51418C227F81DAC002F06A1 /* StarWarsMovies */ = {
			isa = PBXGroup;
			children = (
				F51418C327F81DAC002F06A1 /* AppDelegate.swift */,
				F51418C527F81DAC002F06A1 /* SceneDelegate.swift */,
				F51418C927F81DAC002F06A1 /* Main.storyboard */,
				F51418CC27F81DAD002F06A1 /* Assets.xcassets */,
				F51418CE27F81DAD002F06A1 /* LaunchScreen.storyboard */,
				F51418D127F81DAD002F06A1 /* Info.plist */,
				F51418DB27F82040002F06A1 /* Models */,
				F51418E027F826B6002F06A1 /* Service */,
				F51418E127F8279E002F06A1 /* Constant.swift */,
				F51418E527F82AF0002F06A1 /* Controllers */,
			);
			path = StarWarsMovies;
			sourceTree = "<group>";
		};
		F51418DB27F82040002F06A1 /* Models */ = {
			isa = PBXGroup;
			children = (
				F51418D927F8203B002F06A1 /* Movie.swift */,
				F51418DC27F82426002F06A1 /* MovieData.swift */,
			);
			path = Models;
			sourceTree = "<group>";
		};
		F51418E027F826B6002F06A1 /* Service */ = {
			isa = PBXGroup;
			children = (
				F51418DE27F826B1002F06A1 /* StarWarsAPI.swift */,
			);
			path = Service;
			sourceTree = "<group>";
		};
		F51418E527F82AF0002F06A1 /* Controllers */ = {
			isa = PBXGroup;
			children = (
				F51418E327F82AEA002F06A1 /* MovieListViewController.swift */,
			);
			path = Controllers;
			sourceTree = "<group>";
		};
/* End PBXGroup section */

/* Begin PBXNativeTarget section */
		F51418BF27F81DAC002F06A1 /* StarWarsMovies */ = {
			isa = PBXNativeTarget;
			buildConfigurationList = F51418D427F81DAD002F06A1 /* Build configuration list for PBXNativeTarget "StarWarsMovies" */;
			buildPhases = (
				F51418BC27F81DAC002F06A1 /* Sources */,
				F51418BD27F81DAC002F06A1 /* Frameworks */,
				F51418BE27F81DAC002F06A1 /* Resources */,
			);
			buildRules = (
			);
			dependencies = (
			);
			name = StarWarsMovies;
			productName = StarWarsMovies;
			productReference = F51418C027F81DAC002F06A1 /* StarWarsMovies.app */;
			productType = "com.apple.product-type.application";
		};
/* End PBXNativeTarget section */

/* Begin PBXProject section */
		F51418B827F81DAC002F06A1 /* Project object */ = {
			isa = PBXProject;
			attributes = {
				BuildIndependentTargetsInParallel = 1;
				LastSwiftUpdateCheck = 1330;
				LastUpgradeCheck = 1330;
				TargetAttributes = {
					F51418BF27F81DAC002F06A1 = {
						CreatedOnToolsVersion = 13.3;
					};
				};
			};
			buildConfigurationList = F51418BB27F81DAC002F06A1 /* Build configuration list for PBXProject "StarWarsMovies" */;
			compatibilityVersion = "Xcode 13.0";
			developmentRegion = en;
			hasScannedForEncodings = 0;
			knownRegions = (
				en,
				Base,
			);
			mainGroup = F51418B727F81DAC002F06A1;
			productRefGroup = F51418C127F81DAC002F06A1 /* Products */;
			projectDirPath = "";
			projectRoot = "";
			targets = (
				F51418BF27F81DAC002F06A1 /* StarWarsMovies */,
			);
		};
/* End PBXProject section */

/* Begin PBXResourcesBuildPhase section */
		F51418BE27F81DAC002F06A1 /* Resources */ = {
			isa = PBXResourcesBuildPhase;
			buildActionMask = 2147483647;
			files = (
				F51418D027F81DAD002F06A1 /* LaunchScreen.storyboard in Resources */,
				F51418CD27F81DAD002F06A1 /* Assets.xcassets in Resources */,
				F51418CB27F81DAC002F06A1 /* Main.storyboard in Resources */,
			);
			runOnlyForDeploymentPostprocessing = 0;
		};
/* End PBXResourcesBuildPhase section */

/* Begin PBXSourcesBuildPhase section */
		F51418BC27F81DAC002F06A1 /* Sources */ = {
			isa = PBXSourcesBuildPhase;
			buildActionMask = 2147483647;
			files = (
				F51418DF27F826B1002F06A1 /* StarWarsAPI.swift in Sources */,
				F51418DD27F82426002F06A1 /* MovieData.swift in Sources */,
				F51418C427F81DAC002F06A1 /* AppDelegate.swift in Sources */,
				F51418C627F81DAC002F06A1 /* SceneDelegate.swift in Sources */,
				F51418E427F82AEA002F06A1 /* MovieListViewController.swift in Sources */,
				F51418DA27F8203B002F06A1 /* Movie.swift in Sources */,
				F51418E227F8279E002F06A1 /* Constant.swift in Sources */,
			);
			runOnlyForDeploymentPostprocessing = 0;
		};
/* End PBXSourcesBuildPhase section */

/* Begin PBXVariantGroup section */
		F51418C927F81DAC002F06A1 /* Main.storyboard */ = {
			isa = PBXVariantGroup;
			children = (
				F51418CA27F81DAC002F06A1 /* Base */,
			);
			name = Main.storyboard;
			sourceTree = "<group>";
		};
		F51418CE27F81DAD002F06A1 /* LaunchScreen.storyboard */ = {
			isa = PBXVariantGroup;
			children = (
				F51418CF27F81DAD002F06A1 /* Base */,
			);
			name = LaunchScreen.storyboard;
			sourceTree = "<group>";
		};
/* End PBXVariantGroup section */

/* Begin XCBuildConfiguration section */
		F51418D227F81DAD002F06A1 /* Debug */ = {
			isa = XCBuildConfiguration;
			buildSettings = {
				ALWAYS_SEARCH_USER_PATHS = NO;
				CLANG_ANALYZER_NONNULL = YES;
				CLANG_ANALYZER_NUMBER_OBJECT_CONVERSION = YES_AGGRESSIVE;
				CLANG_CXX_LANGUAGE_STANDARD = "gnu++17";
				CLANG_ENABLE_MODULES = YES;
				CLANG_ENABLE_OBJC_ARC = YES;
				CLANG_ENABLE_OBJC_WEAK = YES;
				CLANG_WARN_BLOCK_CAPTURE_AUTORELEASING = YES;
				CLANG_WARN_BOOL_CONVERSION = YES;
				CLANG_WARN_COMMA = YES;
				CLANG_WARN_CONSTANT_CONVERSION = YES;
				CLANG_WARN_DEPRECATED_OBJC_IMPLEMENTATIONS = YES;
				CLANG_WARN_DIRECT_OBJC_ISA_USAGE = YES_ERROR;
				CLANG_WARN_DOCUMENTATION_COMMENTS = YES;
				CLANG_WARN_EMPTY_BODY = YES;
				CLANG_WARN_ENUM_CONVERSION = YES;
				CLANG_WARN_INFINITE_RECURSION = YES;
				CLANG_WARN_INT_CONVERSION = YES;
				CLANG_WARN_NON_LITERAL_NULL_CONVERSION = YES;
				CLANG_WARN_OBJC_IMPLICIT_RETAIN_SELF = YES;
				CLANG_WARN_OBJC_LITERAL_CONVERSION = YES;
				CLANG_WARN_OBJC_ROOT_CLASS = YES_ERROR;
				CLANG_WARN_QUOTED_INCLUDE_IN_FRAMEWORK_HEADER = YES;
				CLANG_WARN_RANGE_LOOP_ANALYSIS = YES;
				CLANG_WARN_STRICT_PROTOTYPES = YES;
				CLANG_WARN_SUSPICIOUS_MOVE = YES;
				CLANG_WARN_UNGUARDED_AVAILABILITY = YES_AGGRESSIVE;
				CLANG_WARN_UNREACHABLE_CODE = YES;
				CLANG_WARN__DUPLICATE_METHOD_MATCH = YES;
				COPY_PHASE_STRIP = NO;
				DEBUG_INFORMATION_FORMAT = dwarf;
				ENABLE_STRICT_OBJC_MSGSEND = YES;
				ENABLE_TESTABILITY = YES;
				GCC_C_LANGUAGE_STANDARD = gnu11;
				GCC_DYNAMIC_NO_PIC = NO;
				GCC_NO_COMMON_BLOCKS = YES;
				GCC_OPTIMIZATION_LEVEL = 0;
				GCC_PREPROCESSOR_DEFINITIONS = (
					"DEBUG=1",
					"$(inherited)",
				);
				GCC_WARN_64_TO_32_BIT_CONVERSION = YES;
				GCC_WARN_ABOUT_RETURN_TYPE = YES_ERROR;
				GCC_WARN_UNDECLARED_SELECTOR = YES;
				GCC_WARN_UNINITIALIZED_AUTOS = YES_AGGRESSIVE;
				GCC_WARN_UNUSED_FUNCTION = YES;
				GCC_WARN_UNUSED_VARIABLE = YES;
				IPHONEOS_DEPLOYMENT_TARGET = 15.4;
				MTL_ENABLE_DEBUG_INFO = INCLUDE_SOURCE;
				MTL_FAST_MATH = YES;
				ONLY_ACTIVE_ARCH = YES;
				SDKROOT = iphoneos;
				SWIFT_ACTIVE_COMPILATION_CONDITIONS = DEBUG;
				SWIFT_OPTIMIZATION_LEVEL = "-Onone";
			};
			name = Debug;
		};
		F51418D327F81DAD002F06A1 /* Release */ = {
			isa = XCBuildConfiguration;
			buildSettings = {
				ALWAYS_SEARCH_USER_PATHS = NO;
				CLANG_ANALYZER_NONNULL = YES;
				CLANG_ANALYZER_NUMBER_OBJECT_CONVERSION = YES_AGGRESSIVE;
				CLANG_CXX_LANGUAGE_STANDARD = "gnu++17";
				CLANG_ENABLE_MODULES = YES;
				CLANG_ENABLE_OBJC_ARC = YES;
				CLANG_ENABLE_OBJC_WEAK = YES;
				CLANG_WARN_BLOCK_CAPTURE_AUTORELEASING = YES;
				CLANG_WARN_BOOL_CONVERSION = YES;
				CLANG_WARN_COMMA = YES;
				CLANG_WARN_CONSTANT_CONVERSION = YES;
				CLANG_WARN_DEPRECATED_OBJC_IMPLEMENTATIONS = YES;
				CLANG_WARN_DIRECT_OBJC_ISA_USAGE = YES_ERROR;
				CLANG_WARN_DOCUMENTATION_COMMENTS = YES;
				CLANG_WARN_EMPTY_BODY = YES;
				CLANG_WARN_ENUM_CONVERSION = YES;
				CLANG_WARN_INFINITE_RECURSION = YES;
				CLANG_WARN_INT_CONVERSION = YES;
				CLANG_WARN_NON_LITERAL_NULL_CONVERSION = YES;
				CLANG_WARN_OBJC_IMPLICIT_RETAIN_SELF = YES;
				CLANG_WARN_OBJC_LITERAL_CONVERSION = YES;
				CLANG_WARN_OBJC_ROOT_CLASS = YES_ERROR;
				CLANG_WARN_QUOTED_INCLUDE_IN_FRAMEWORK_HEADER = YES;
				CLANG_WARN_RANGE_LOOP_ANALYSIS = YES;
				CLANG_WARN_STRICT_PROTOTYPES = YES;
				CLANG_WARN_SUSPICIOUS_MOVE = YES;
				CLANG_WARN_UNGUARDED_AVAILABILITY = YES_AGGRESSIVE;
				CLANG_WARN_UNREACHABLE_CODE = YES;
				CLANG_WARN__DUPLICATE_METHOD_MATCH = YES;
				COPY_PHASE_STRIP = NO;
				DEBUG_INFORMATION_FORMAT = "dwarf-with-dsym";
				ENABLE_NS_ASSERTIONS = NO;
				ENABLE_STRICT_OBJC_MSGSEND = YES;
				GCC_C_LANGUAGE_STANDARD = gnu11;
				GCC_NO_COMMON_BLOCKS = YES;
				GCC_WARN_64_TO_32_BIT_CONVERSION = YES;
				GCC_WARN_ABOUT_RETURN_TYPE = YES_ERROR;
				GCC_WARN_UNDECLARED_SELECTOR = YES;
				GCC_WARN_UNINITIALIZED_AUTOS = YES_AGGRESSIVE;
				GCC_WARN_UNUSED_FUNCTION = YES;
				GCC_WARN_UNUSED_VARIABLE = YES;
				IPHONEOS_DEPLOYMENT_TARGET = 15.4;
				MTL_ENABLE_DEBUG_INFO = NO;
				MTL_FAST_MATH = YES;
				SDKROOT = iphoneos;
				SWIFT_COMPILATION_MODE = wholemodule;
				SWIFT_OPTIMIZATION_LEVEL = "-O";
				VALIDATE_PRODUCT = YES;
			};
			name = Release;
		};
		F51418D527F81DAD002F06A1 /* Debug */ = {
			isa = XCBuildConfiguration;
			buildSettings = {
				ASSETCATALOG_COMPILER_APPICON_NAME = AppIcon;
				ASSETCATALOG_COMPILER_GLOBAL_ACCENT_COLOR_NAME = AccentColor;
				CODE_SIGN_STYLE = Automatic;
				CURRENT_PROJECT_VERSION = 1;
				DEVELOPMENT_TEAM = LATFQ2CT64;
				GENERATE_INFOPLIST_FILE = YES;
				INFOPLIST_FILE = StarWarsMovies/Info.plist;
				INFOPLIST_KEY_UIApplicationSupportsIndirectInputEvents = YES;
				INFOPLIST_KEY_UILaunchStoryboardName = LaunchScreen;
				INFOPLIST_KEY_UIMainStoryboardFile = Main;
				INFOPLIST_KEY_UISupportedInterfaceOrientations_iPad = "UIInterfaceOrientationPortrait UIInterfaceOrientationPortraitUpsideDown UIInterfaceOrientationLandscapeLeft UIInterfaceOrientationLandscapeRight";
				INFOPLIST_KEY_UISupportedInterfaceOrientations_iPhone = "UIInterfaceOrientationPortrait UIInterfaceOrientationLandscapeLeft UIInterfaceOrientationLandscapeRight";
				LD_RUNPATH_SEARCH_PATHS = (
					"$(inherited)",
					"@executable_path/Frameworks",
				);
				MARKETING_VERSION = 1.0;
				PRODUCT_BUNDLE_IDENTIFIER = com.tarek.StarWarsMovies;
				PRODUCT_NAME = "$(TARGET_NAME)";
				SWIFT_EMIT_LOC_STRINGS = YES;
				SWIFT_VERSION = 5.0;
				TARGETED_DEVICE_FAMILY = "1,2";
			};
			name = Debug;
		};
		F51418D627F81DAD002F06A1 /* Release */ = {
			isa = XCBuildConfiguration;
			buildSettings = {
				ASSETCATALOG_COMPILER_APPICON_NAME = AppIcon;
				ASSETCATALOG_COMPILER_GLOBAL_ACCENT_COLOR_NAME = AccentColor;
				CODE_SIGN_STYLE = Automatic;
				CURRENT_PROJECT_VERSION = 1;
				DEVELOPMENT_TEAM = LATFQ2CT64;
				GENERATE_INFOPLIST_FILE = YES;
				INFOPLIST_FILE = StarWarsMovies/Info.plist;
				INFOPLIST_KEY_UIApplicationSupportsIndirectInputEvents = YES;
				INFOPLIST_KEY_UILaunchStoryboardName = LaunchScreen;
				INFOPLIST_KEY_UIMainStoryboardFile = Main;
				INFOPLIST_KEY_UISupportedInterfaceOrientations_iPad = "UIInterfaceOrientationPortrait UIInterfaceOrientationPortraitUpsideDown UIInterfaceOrientationLandscapeLeft UIInterfaceOrientationLandscapeRight";
				INFOPLIST_KEY_UISupportedInterfaceOrientations_iPhone = "UIInterfaceOrientationPortrait UIInterfaceOrientationLandscapeLeft UIInterfaceOrientationLandscapeRight";
				LD_RUNPATH_SEARCH_PATHS = (
					"$(inherited)",
					"@executable_path/Frameworks",
				);
				MARKETING_VERSION = 1.0;
				PRODUCT_BUNDLE_IDENTIFIER = com.tarek.StarWarsMovies;
				PRODUCT_NAME = "$(TARGET_NAME)";
				SWIFT_EMIT_LOC_STRINGS = YES;
				SWIFT_VERSION = 5.0;
				TARGETED_DEVICE_FAMILY = "1,2";
			};
			name = Release;
		};
/* End XCBuildConfiguration section */

/* Begin XCConfigurationList section */
		F51418BB27F81DAC002F06A1 /* Build configuration list for PBXProject "StarWarsMovies" */ = {
			isa = XCConfigurationList;
			buildConfigurations = (
				F51418D227F81DAD002F06A1 /* Debug */,
				F51418D327F81DAD002F06A1 /* Release */,
			);
			defaultConfigurationIsVisible = 0;
			defaultConfigurationName = Release;
		};
		F51418D427F81DAD002F06A1 /* Build configuration list for PBXNativeTarget "StarWarsMovies" */ = {
			isa = XCConfigurationList;
			buildConfigurations = (
				F51418D527F81DAD002F06A1 /* Debug */,
				F51418D627F81DAD002F06A1 /* Release */,
			);
			defaultConfigurationIsVisible = 0;
			defaultConfigurationName = Release;
		};
/* End XCConfigurationList section */
	};
	rootObject = F51418B827F81DAC002F06A1 /* Project object */;
}
